
Microsoft Visual Studio Solution File, Format Version 12.00
# Visual Studio Version 16
VisualStudioVersion = 16.0.29609.76
MinimumVisualStudioVersion = 10.0.40219.1
Project("{FAE04EC0-301F-11D3-BF4B-00C04F79EFBC}") = "webApp", "webApp\webApp.csproj", "{6F546952-4F93-486C-B033-78C28ED035CB}"
EndProject
Global
	GlobalSection(SolutionConfigurationPlatforms) = preSolution
		Debug|Any CPU = Debug|Any CPU
		Release|Any CPU = Release|Any CPU
	EndGlobalSection
	GlobalSection(ProjectConfigurationPlatforms) = postSolution
		{6F546952-4F93-486C-B033-78C28ED035CB}.Debug|Any CPU.ActiveCfg = Debug|Any CPU
		{6F546952-4F93-486C-B033-78C28ED035CB}.Debug|Any CPU.Build.0 = Debug|Any CPU
		{6F546952-4F93-486C-B033-78C28ED035CB}.Release|Any CPU.ActiveCfg = Release|Any CPU
		{6F546952-4F93-486C-B033-78C28ED035CB}.Release|Any CPU.Build.0 = Release|Any CPU
	EndGlobalSection
	GlobalSection(SolutionProperties) = preSolution
		HideSolutionNode = FALSE
	EndGlobalSection
	GlobalSection(ExtensibilityGlobals) = postSolution
		SolutionGuid = {8235BB66-899E-466D-A840-1FEE8FBE9A24}
	EndGlobalSection
EndGlobal
